github.com/yrichika/gest v0.1.0 h1:wwBXV4Vg4DzuDFPPIhpoM8w3OtEoC6opcQBjdqaw6nc=
github.com/yrichika/gest v0.1.0/go.mod h1:EIOXf7TjxclH0GRrP2k8Jt6iQ4gldySGu1x8EIlbu0c=
github.com/yrichika/gest v0.1.1 h1:ZC1XYF6GBEhZLBNOovgL4vRNBeT0DS6y2y5Q6yqTIuM=
github.com/yrichika/gest v0.1.1/go.mod h1:EIOXf7TjxclH0GRrP2k8Jt6iQ4gldySGu1x8EIlbu0c=
github.com/yrichika/gest v0.1.2 h1:m4JS2eI/Rkk6QxoBqWnQaXMb+8ptTXVa30CDHyWQD14=
github.com/yrichika/gest v0.1.2/go.mod h1:EIOXf7TjxclH0GRrP2k8Jt6iQ4gldySGu1x8EIlbu0c=
github.com/yrichika/gest v0.2.0 h1:w+Tkhbas3vBrmuadhKHhuLf/uyyiHZnwWdtDt8HNaxI=
github.com/yrichika/gest v0.2.0/go.mod h1:EIOXf7TjxclH0GRrP2k8Jt6iQ4gldySGu1x8EIlbu0c=
github.com/yrichika/gest v0.2.1 h1:BKnLX/p5CVekf2AtbLcXwM4u3Gaxy4a6iU9G2Hh+Rk4=
github.com/yrichika/gest v0.2.1/go.mod h1:EIOXf7TjxclH0GRrP2k8Jt6iQ4gldySGu1x8EIlbu0c=
